
Microsoft Visual Studio Solution File, Format Version 12.00
# Visual Studio 15
Project("{FAE04EC0-301F-11D3-BF4B-00C04F79EFBC}") = "Unity.XR.Interaction.Toolkit.Samples.StarterAssets", "Unity.XR.Interaction.Toolkit.Samples.StarterAssets.csproj", "{2E5A4471-B274-4218-109D-053E64B1AB7A}"
EndProject
Project("{FAE04EC0-301F-11D3-BF4B-00C04F79EFBC}") = "Assembly-CSharp-Editor", "Assembly-CSharp-Editor.csproj", "{75303970-4CC6-1D8D-FC2C-6B1545DE277C}"
EndProject
Project("{FAE04EC0-301F-11D3-BF4B-00C04F79EFBC}") = "Unity.XR.Interaction.Toolkit.Samples.DeviceSimulator", "Unity.XR.Interaction.Toolkit.Samples.DeviceSimulator.csproj", "{22E2BE2E-0FDA-8D0B-FF54-3E5BA1F38AEC}"
EndProject
Project("{FAE04EC0-301F-11D3-BF4B-00C04F79EFBC}") = "Unity.XR.Interaction.Toolkit.Samples.StarterAssets.Editor", "Unity.XR.Interaction.Toolkit.Samples.StarterAssets.Editor.csproj", "{94A46CCB-F462-CB75-C777-F8B6EC2D28D6}"
EndProject
Project("{FAE04EC0-301F-11D3-BF4B-00C04F79EFBC}") = "Assembly-CSharp", "Assembly-CSharp.csproj", "{00CEE2AA-368D-1358-DD30-38C1DFE82379}"
EndProject
Global
	GlobalSection(SolutionConfigurationPlatforms) = preSolution
		Debug|Any CPU = Debug|Any CPU
		Release|Any CPU = Release|Any CPU
	EndGlobalSection
	GlobalSection(ProjectConfigurationPlatforms) = postSolution
		{2E5A4471-B274-4218-109D-053E64B1AB7A}.Debug|Any CPU.ActiveCfg = Debug|Any CPU
		{2E5A4471-B274-4218-109D-053E64B1AB7A}.Debug|Any CPU.Build.0 = Debug|Any CPU
		{2E5A4471-B274-4218-109D-053E64B1AB7A}.Release|Any CPU.ActiveCfg = Release|Any CPU
		{2E5A4471-B274-4218-109D-053E64B1AB7A}.Release|Any CPU.Build.0 = Release|Any CPU
		{75303970-4CC6-1D8D-FC2C-6B1545DE277C}.Debug|Any CPU.ActiveCfg = Debug|Any CPU
		{75303970-4CC6-1D8D-FC2C-6B1545DE277C}.Debug|Any CPU.Build.0 = Debug|Any CPU
		{75303970-4CC6-1D8D-FC2C-6B1545DE277C}.Release|Any CPU.ActiveCfg = Release|Any CPU
		{75303970-4CC6-1D8D-FC2C-6B1545DE277C}.Release|Any CPU.Build.0 = Release|Any CPU
		{22E2BE2E-0FDA-8D0B-FF54-3E5BA1F38AEC}.Debug|Any CPU.ActiveCfg = Debug|Any CPU
		{22E2BE2E-0FDA-8D0B-FF54-3E5BA1F38AEC}.Debug|Any CPU.Build.0 = Debug|Any CPU
		{22E2BE2E-0FDA-8D0B-FF54-3E5BA1F38AEC}.Release|Any CPU.ActiveCfg = Release|Any CPU
		{22E2BE2E-0FDA-8D0B-FF54-3E5BA1F38AEC}.Release|Any CPU.Build.0 = Release|Any CPU
		{94A46CCB-F462-CB75-C777-F8B6EC2D28D6}.Debug|Any CPU.ActiveCfg = Debug|Any CPU
		{94A46CCB-F462-CB75-C777-F8B6EC2D28D6}.Debug|Any CPU.Build.0 = Debug|Any CPU
		{94A46CCB-F462-CB75-C777-F8B6EC2D28D6}.Release|Any CPU.ActiveCfg = Release|Any CPU
		{94A46CCB-F462-CB75-C777-F8B6EC2D28D6}.Release|Any CPU.Build.0 = Release|Any CPU
		{00CEE2AA-368D-1358-DD30-38C1DFE82379}.Debug|Any CPU.ActiveCfg = Debug|Any CPU
		{00CEE2AA-368D-1358-DD30-38C1DFE82379}.Debug|Any CPU.Build.0 = Debug|Any CPU
		{00CEE2AA-368D-1358-DD30-38C1DFE82379}.Release|Any CPU.ActiveCfg = Release|Any CPU
		{00CEE2AA-368D-1358-DD30-38C1DFE82379}.Release|Any CPU.Build.0 = Release|Any CPU
	EndGlobalSection
	GlobalSection(SolutionProperties) = preSolution
		HideSolutionNode = FALSE
	EndGlobalSection
EndGlobal
